
Microsoft Visual Studio Solution File, Format Version 12.00
# Visual Studio Version 17
VisualStudioVersion = 17.8.34330.188
MinimumVisualStudioVersion = 10.0.40219.1
Project("{888888A0-9F3D-457C-B088-3A5042F75D52}") = "WebProject", "WebProject.pyproj", "{32C3FAD0-DFCA-4E73-B2EE-921CA77DF6DC}"
EndProject
Global
	GlobalSection(SolutionConfigurationPlatforms) = preSolution
		Debug|Any CPU = Debug|Any CPU
		Release|Any CPU = Release|Any CPU
	EndGlobalSection
	GlobalSection(ProjectConfigurationPlatforms) = postSolution
		{32C3FAD0-DFCA-4E73-B2EE-921CA77DF6DC}.Debug|Any CPU.ActiveCfg = Debug|Any CPU
		{32C3FAD0-DFCA-4E73-B2EE-921CA77DF6DC}.Debug|Any CPU.Build.0 = Debug|Any CPU
		{32C3FAD0-DFCA-4E73-B2EE-921CA77DF6DC}.Release|Any CPU.ActiveCfg = Release|Any CPU
		{32C3FAD0-DFCA-4E73-B2EE-921CA77DF6DC}.Release|Any CPU.Build.0 = Release|Any CPU
	EndGlobalSection
	GlobalSection(SolutionProperties) = preSolution
		HideSolutionNode = FALSE
	EndGlobalSection
	GlobalSection(ExtensibilityGlobals) = postSolution
		SolutionGuid = {05DDD82F-8637-4A7B-A1EE-2E8FA6B9D08A}
	EndGlobalSection
EndGlobal
